
Microsoft Visual Studio Solution File, Format Version 12.00
# Visual Studio Version 17
VisualStudioVersion = 17.9.34728.123
MinimumVisualStudioVersion = 10.0.40219.1
Project("{FAE04EC0-301F-11D3-BF4B-00C04F79EFBC}") = "PruebaGitHub", "PruebaGitHub\PruebaGitHub.csproj", "{C12A358B-D937-4B4F-8A50-8C10D27220FC}"
EndProject
Global
	GlobalSection(SolutionConfigurationPlatforms) = preSolution
		Debug|Any CPU = Debug|Any CPU
		Release|Any CPU = Release|Any CPU
	EndGlobalSection
	GlobalSection(ProjectConfigurationPlatforms) = postSolution
		{C12A358B-D937-4B4F-8A50-8C10D27220FC}.Debug|Any CPU.ActiveCfg = Debug|Any CPU
		{C12A358B-D937-4B4F-8A50-8C10D27220FC}.Debug|Any CPU.Build.0 = Debug|Any CPU
		{C12A358B-D937-4B4F-8A50-8C10D27220FC}.Release|Any CPU.ActiveCfg = Release|Any CPU
		{C12A358B-D937-4B4F-8A50-8C10D27220FC}.Release|Any CPU.Build.0 = Release|Any CPU
	EndGlobalSection
	GlobalSection(SolutionProperties) = preSolution
		HideSolutionNode = FALSE
	EndGlobalSection
	GlobalSection(ExtensibilityGlobals) = postSolution
		SolutionGuid = {832CF9D3-FC92-4E8E-90F5-27A4C6E15E02}
	EndGlobalSection
EndGlobal
